
Microsoft Visual Studio Solution File, Format Version 12.00
# Visual Studio Version 17
VisualStudioVersion = 17.2.32616.157
MinimumVisualStudioVersion = 10.0.40219.1
Project("{9A19103F-16F7-4668-BE54-9A1E7A4F7556}") = "TelegramBot", "TelegramBot\TelegramBot.csproj", "{BA5D51EC-4310-4784-AC60-D01E1B11E39C}"
EndProject
Global
	GlobalSection(SolutionConfigurationPlatforms) = preSolution
		Debug|Any CPU = Debug|Any CPU
		Release|Any CPU = Release|Any CPU
	EndGlobalSection
	GlobalSection(ProjectConfigurationPlatforms) = postSolution
		{BA5D51EC-4310-4784-AC60-D01E1B11E39C}.Debug|Any CPU.ActiveCfg = Debug|Any CPU
		{BA5D51EC-4310-4784-AC60-D01E1B11E39C}.Debug|Any CPU.Build.0 = Debug|Any CPU
		{BA5D51EC-4310-4784-AC60-D01E1B11E39C}.Release|Any CPU.ActiveCfg = Release|Any CPU
		{BA5D51EC-4310-4784-AC60-D01E1B11E39C}.Release|Any CPU.Build.0 = Release|Any CPU
	EndGlobalSection
	GlobalSection(SolutionProperties) = preSolution
		HideSolutionNode = FALSE
	EndGlobalSection
	GlobalSection(ExtensibilityGlobals) = postSolution
		SolutionGuid = {D29DDB95-3611-4CF8-AE09-DD0BD9B0F5BA}
	EndGlobalSection
EndGlobal
